// !$*UTF8*$!
{
	archiveVersion = 1;
	classes = {
	};
	objectVersion = 56;
	objects = {

/* Begin PBXBuildFile section */
		210DC5D12C25B6CE00B20544 /* FollowUpApp.swift in Sources */ = {isa = PBXBuildFile; fileRef = 210DC5D02C25B6CE00B20544 /* FollowUpApp.swift */; };
		210DC5D32C25B6CE00B20544 /* ContentView.swift in Sources */ = {isa = PBXBuildFile; fileRef = 210DC5D22C25B6CE00B20544 /* ContentView.swift */; };
		210DC5D52C25B6CF00B20544 /* Assets.xcassets in Resources */ = {isa = PBXBuildFile; fileRef = 210DC5D42C25B6CF00B20544 /* Assets.xcassets */; };
		210DC5D82C25B6CF00B20544 /* Preview Assets.xcassets in Resources */ = {isa = PBXBuildFile; fileRef = 210DC5D72C25B6CF00B20544 /* Preview Assets.xcassets */; };
		210DC5E22C25B6CF00B20544 /* FollowUpTests.swift in Sources */ = {isa = PBXBuildFile; fileRef = 210DC5E12C25B6CF00B20544 /* FollowUpTests.swift */; };
		210DC5EC2C25B6CF00B20544 /* FollowUpUITests.swift in Sources */ = {isa = PBXBuildFile; fileRef = 210DC5EB2C25B6CF00B20544 /* FollowUpUITests.swift */; };
		210DC5EE2C25B6CF00B20544 /* FollowUpUITestsLaunchTests.swift in Sources */ = {isa = PBXBuildFile; fileRef = 210DC5ED2C25B6CF00B20544 /* FollowUpUITestsLaunchTests.swift */; };
/* End PBXBuildFile section */

/* Begin PBXContainerItemProxy section */
		210DC5DE2C25B6CF00B20544 /* PBXContainerItemProxy */ = {
			isa = PBXContainerItemProxy;
			containerPortal = 210DC5C52C25B6CE00B20544 /* Project object */;
			proxyType = 1;
			remoteGlobalIDString = 210DC5CC2C25B6CE00B20544;
			remoteInfo = FollowUp;
		};
		210DC5E82C25B6CF00B20544 /* PBXContainerItemProxy */ = {
			isa = PBXContainerItemProxy;
			containerPortal = 210DC5C52C25B6CE00B20544 /* Project object */;
			proxyType = 1;
			remoteGlobalIDString = 210DC5CC2C25B6CE00B20544;
			remoteInfo = FollowUp;
		};
/* End PBXContainerItemProxy section */

/* Begin PBXFileReference section */
		210DC5CD2C25B6CE00B20544 /* FollowUp.app */ = {isa = PBXFileReference; explicitFileType = wrapper.application; includeInIndex = 0; path = FollowUp.app; sourceTree = BUILT_PRODUCTS_DIR; };
		210DC5D02C25B6CE00B20544 /* FollowUpApp.swift */ = {isa = PBXFileReference; lastKnownFileType = sourcecode.swift; path = FollowUpApp.swift; sourceTree = "<group>"; };
		210DC5D22C25B6CE00B20544 /* ContentView.swift */ = {isa = PBXFileReference; lastKnownFileType = sourcecode.swift; path = ContentView.swift; sourceTree = "<group>"; };
		210DC5D42C25B6CF00B20544 /* Assets.xcassets */ = {isa = PBXFileReference; lastKnownFileType = folder.assetcatalog; path = Assets.xcassets; sourceTree = "<group>"; };
		210DC5D72C25B6CF00B20544 /* Preview Assets.xcassets */ = {isa = PBXFileReference; lastKnownFileType = folder.assetcatalog; path = "Preview Assets.xcassets"; sourceTree = "<group>"; };
		210DC5DD2C25B6CF00B20544 /* FollowUpTests.xctest */ = {isa = PBXFileReference; explicitFileType = wrapper.cfbundle; includeInIndex = 0; path = FollowUpTests.xctest; sourceTree = BUILT_PRODUCTS_DIR; };
		210DC5E12C25B6CF00B20544 /* FollowUpTests.swift */ = {isa = PBXFileReference; lastKnownFileType = sourcecode.swift; path = FollowUpTests.swift; sourceTree = "<group>"; };
		210DC5E72C25B6CF00B20544 /* FollowUpUITests.xctest */ = {isa = PBXFileReference; explicitFileType = wrapper.cfbundle; includeInIndex = 0; path = FollowUpUITests.xctest; sourceTree = BUILT_PRODUCTS_DIR; };
		210DC5EB2C25B6CF00B20544 /* FollowUpUITests.swift */ = {isa = PBXFileReference; lastKnownFileType = sourcecode.swift; path = FollowUpUITests.swift; sourceTree = "<group>"; };
		210DC5ED2C25B6CF00B20544 /* FollowUpUITestsLaunchTests.swift */ = {isa = PBXFileReference; lastKnownFileType = sourcecode.swift; path = FollowUpUITestsLaunchTests.swift; sourceTree = "<group>"; };
/* End PBXFileReference section */

/* Begin PBXFrameworksBuildPhase section */
		210DC5CA2C25B6CE00B20544 /* Frameworks */ = {
			isa = PBXFrameworksBuildPhase;
			buildActionMask = 2147483647;
			files = (
			);
			runOnlyForDeploymentPostprocessing = 0;
		};
		210DC5DA2C25B6CF00B20544 /* Frameworks */ = {
			isa = PBXFrameworksBuildPhase;
			buildActionMask = 2147483647;
			files = (
			);
			runOnlyForDeploymentPostprocessing = 0;
		};
		210DC5E42C25B6CF00B20544 /* Frameworks */ = {
			isa = PBXFrameworksBuildPhase;
			buildActionMask = 2147483647;
			files = (
			);
			runOnlyForDeploymentPostprocessing = 0;
		};
/* End PBXFrameworksBuildPhase section */

/* Begin PBXGroup section */
		210DC5C42C25B6CE00B20544 = {
			isa = PBXGroup;
			children = (
				210DC5CF2C25B6CE00B20544 /* FollowUp */,
				210DC5E02C25B6CF00B20544 /* FollowUpTests */,
				210DC5EA2C25B6CF00B20544 /* FollowUpUITests */,
				210DC5CE2C25B6CE00B20544 /* Products */,
			);
			sourceTree = "<group>";
		};
		210DC5CE2C25B6CE00B20544 /* Products */ = {
			isa = PBXGroup;
			children = (
				210DC5CD2C25B6CE00B20544 /* FollowUp.app */,
				210DC5DD2C25B6CF00B20544 /* FollowUpTests.xctest */,
				210DC5E72C25B6CF00B20544 /* FollowUpUITests.xctest */,
			);
			name = Products;
			sourceTree = "<group>";
		};
		210DC5CF2C25B6CE00B20544 /* FollowUp */ = {
			isa = PBXGroup;
			children = (
				210DC5D02C25B6CE00B20544 /* FollowUpApp.swift */,
				210DC5D22C25B6CE00B20544 /* ContentView.swift */,
				210DC5D42C25B6CF00B20544 /* Assets.xcassets */,
				210DC5D62C25B6CF00B20544 /* Preview Content */,
			);
			path = FollowUp;
			sourceTree = "<group>";
		};
		210DC5D62C25B6CF00B20544 /* Preview Content */ = {
			isa = PBXGroup;
			children = (
				210DC5D72C25B6CF00B20544 /* Preview Assets.xcassets */,
			);
			path = "Preview Content";
			sourceTree = "<group>";
		};
		210DC5E02C25B6CF00B20544 /* FollowUpTests */ = {
			isa = PBXGroup;
			children = (
				210DC5E12C25B6CF00B20544 /* FollowUpTests.swift */,
			);
			path = FollowUpTests;
			sourceTree = "<group>";
		};
		210DC5EA2C25B6CF00B20544 /* FollowUpUITests */ = {
			isa = PBXGroup;
			children = (
				210DC5EB2C25B6CF00B20544 /* FollowUpUITests.swift */,
				210DC5ED2C25B6CF00B20544 /* FollowUpUITestsLaunchTests.swift */,
			);
			path = FollowUpUITests;
			sourceTree = "<group>";
		};
/* End PBXGroup section */

/* Begin PBXNativeTarget section */
		210DC5CC2C25B6CE00B20544 /* FollowUp */ = {
			isa = PBXNativeTarget;
			buildConfigurationList = 210DC5F12C25B6CF00B20544 /* Build configuration list for PBXNativeTarget "FollowUp" */;
			buildPhases = (
				210DC5C92C25B6CE00B20544 /* Sources */,
				210DC5CA2C25B6CE00B20544 /* Frameworks */,
				210DC5CB2C25B6CE00B20544 /* Resources */,
			);
			buildRules = (
			);
			dependencies = (
			);
			name = FollowUp;
			productName = FollowUp;
			productReference = 210DC5CD2C25B6CE00B20544 /* FollowUp.app */;
			productType = "com.apple.product-type.application";
		};
		210DC5DC2C25B6CF00B20544 /* FollowUpTests */ = {
			isa = PBXNativeTarget;
			buildConfigurationList = 210DC5F42C25B6CF00B20544 /* Build configuration list for PBXNativeTarget "FollowUpTests" */;
			buildPhases = (
				210DC5D92C25B6CF00B20544 /* Sources */,
				210DC5DA2C25B6CF00B20544 /* Frameworks */,
				210DC5DB2C25B6CF00B20544 /* Resources */,
			);
			buildRules = (
			);
			dependencies = (
				210DC5DF2C25B6CF00B20544 /* PBXTargetDependency */,
			);
			name = FollowUpTests;
			productName = FollowUpTests;
			productReference = 210DC5DD2C25B6CF00B20544 /* FollowUpTests.xctest */;
			productType = "com.apple.product-type.bundle.unit-test";
		};
		210DC5E62C25B6CF00B20544 /* FollowUpUITests */ = {
			isa = PBXNativeTarget;
			buildConfigurationList = 210DC5F72C25B6CF00B20544 /* Build configuration list for PBXNativeTarget "FollowUpUITests" */;
			buildPhases = (
				210DC5E32C25B6CF00B20544 /* Sources */,
				210DC5E42C25B6CF00B20544 /* Frameworks */,
				210DC5E52C25B6CF00B20544 /* Resources */,
			);
			buildRules = (
			);
			dependencies = (
				210DC5E92C25B6CF00B20544 /* PBXTargetDependency */,
			);
			name = FollowUpUITests;
			productName = FollowUpUITests;
			productReference = 210DC5E72C25B6CF00B20544 /* FollowUpUITests.xctest */;
			productType = "com.apple.product-type.bundle.ui-testing";
		};
/* End PBXNativeTarget section */

/* Begin PBXProject section */
		210DC5C52C25B6CE00B20544 /* Project object */ = {
			isa = PBXProject;
			attributes = {
				BuildIndependentTargetsInParallel = 1;
				LastSwiftUpdateCheck = 1540;
				LastUpgradeCheck = 1540;
				TargetAttributes = {
					210DC5CC2C25B6CE00B20544 = {
						CreatedOnToolsVersion = 15.4;
					};
					210DC5DC2C25B6CF00B20544 = {
						CreatedOnToolsVersion = 15.4;
						TestTargetID = 210DC5CC2C25B6CE00B20544;
					};
					210DC5E62C25B6CF00B20544 = {
						CreatedOnToolsVersion = 15.4;
						TestTargetID = 210DC5CC2C25B6CE00B20544;
					};
				};
			};
			buildConfigurationList = 210DC5C82C25B6CE00B20544 /* Build configuration list for PBXProject "FollowUp" */;
			compatibilityVersion = "Xcode 14.0";
			developmentRegion = en;
			hasScannedForEncodings = 0;
			knownRegions = (
				en,
				Base,
			);
			mainGroup = 210DC5C42C25B6CE00B20544;
			productRefGroup = 210DC5CE2C25B6CE00B20544 /* Products */;
			projectDirPath = "";
			projectRoot = "";
			targets = (
				210DC5CC2C25B6CE00B20544 /* FollowUp */,
				210DC5DC2C25B6CF00B20544 /* FollowUpTests */,
				210DC5E62C25B6CF00B20544 /* FollowUpUITests */,
			);
		};
/* End PBXProject section */

/* Begin PBXResourcesBuildPhase section */
		210DC5CB2C25B6CE00B20544 /* Resources */ = {
			isa = PBXResourcesBuildPhase;
			buildActionMask = 2147483647;
			files = (
				210DC5D82C25B6CF00B20544 /* Preview Assets.xcassets in Resources */,
				210DC5D52C25B6CF00B20544 /* Assets.xcassets in Resources */,
			);
			runOnlyForDeploymentPostprocessing = 0;
		};
		210DC5DB2C25B6CF00B20544 /* Resources */ = {
			isa = PBXResourcesBuildPhase;
			buildActionMask = 2147483647;
			files = (
			);
			runOnlyForDeploymentPostprocessing = 0;
		};
		210DC5E52C25B6CF00B20544 /* Resources */ = {
			isa = PBXResourcesBuildPhase;
			buildActionMask = 2147483647;
			files = (
			);
			runOnlyForDeploymentPostprocessing = 0;
		};
/* End PBXResourcesBuildPhase section */

/* Begin PBXSourcesBuildPhase section */
		210DC5C92C25B6CE00B20544 /* Sources */ = {
			isa = PBXSourcesBuildPhase;
			buildActionMask = 2147483647;
			files = (
				210DC5D32C25B6CE00B20544 /* ContentView.swift in Sources */,
				210DC5D12C25B6CE00B20544 /* FollowUpApp.swift in Sources */,
			);
			runOnlyForDeploymentPostprocessing = 0;
		};
		210DC5D92C25B6CF00B20544 /* Sources */ = {
			isa = PBXSourcesBuildPhase;
			buildActionMask = 2147483647;
			files = (
				210DC5E22C25B6CF00B20544 /* FollowUpTests.swift in Sources */,
			);
			runOnlyForDeploymentPostprocessing = 0;
		};
		210DC5E32C25B6CF00B20544 /* Sources */ = {
			isa = PBXSourcesBuildPhase;
			buildActionMask = 2147483647;
			files = (
				210DC5EE2C25B6CF00B20544 /* FollowUpUITestsLaunchTests.swift in Sources */,
				210DC5EC2C25B6CF00B20544 /* FollowUpUITests.swift in Sources */,
			);
			runOnlyForDeploymentPostprocessing = 0;
		};
/* End PBXSourcesBuildPhase section */

/* Begin PBXTargetDependency section */
		210DC5DF2C25B6CF00B20544 /* PBXTargetDependency */ = {
			isa = PBXTargetDependency;
			target = 210DC5CC2C25B6CE00B20544 /* FollowUp */;
			targetProxy = 210DC5DE2C25B6CF00B20544 /* PBXContainerItemProxy */;
		};
		210DC5E92C25B6CF00B20544 /* PBXTargetDependency */ = {
			isa = PBXTargetDependency;
			target = 210DC5CC2C25B6CE00B20544 /* FollowUp */;
			targetProxy = 210DC5E82C25B6CF00B20544 /* PBXContainerItemProxy */;
		};
/* End PBXTargetDependency section */

/* Begin XCBuildConfiguration section */
		210DC5EF2C25B6CF00B20544 /* Debug */ = {
			isa = XCBuildConfiguration;
			buildSettings = {
				ALWAYS_SEARCH_USER_PATHS = NO;
				ASSETCATALOG_COMPILER_GENERATE_SWIFT_ASSET_SYMBOL_EXTENSIONS = YES;
				CLANG_ANALYZER_NONNULL = YES;
				CLANG_ANALYZER_NUMBER_OBJECT_CONVERSION = YES_AGGRESSIVE;
				CLANG_CXX_LANGUAGE_STANDARD = "gnu++20";
				CLANG_ENABLE_MODULES = YES;
				CLANG_ENABLE_OBJC_ARC = YES;
				CLANG_ENABLE_OBJC_WEAK = YES;
				CLANG_WARN_BLOCK_CAPTURE_AUTORELEASING = YES;
				CLANG_WARN_BOOL_CONVERSION = YES;
				CLANG_WARN_COMMA = YES;
				CLANG_WARN_CONSTANT_CONVERSION = YES;
				CLANG_WARN_DEPRECATED_OBJC_IMPLEMENTATIONS = YES;
				CLANG_WARN_DIRECT_OBJC_ISA_USAGE = YES_ERROR;
				CLANG_WARN_DOCUMENTATION_COMMENTS = YES;
				CLANG_WARN_EMPTY_BODY = YES;
				CLANG_WARN_ENUM_CONVERSION = YES;
				CLANG_WARN_INFINITE_RECURSION = YES;
				CLANG_WARN_INT_CONVERSION = YES;
				CLANG_WARN_NON_LITERAL_NULL_CONVERSION = YES;
				CLANG_WARN_OBJC_IMPLICIT_RETAIN_SELF = YES;
				CLANG_WARN_OBJC_LITERAL_CONVERSION = YES;
				CLANG_WARN_OBJC_ROOT_CLASS = YES_ERROR;
				CLANG_WARN_QUOTED_INCLUDE_IN_FRAMEWORK_HEADER = YES;
				CLANG_WARN_RANGE_LOOP_ANALYSIS = YES;
				CLANG_WARN_STRICT_PROTOTYPES = YES;
				CLANG_WARN_SUSPICIOUS_MOVE = YES;
				CLANG_WARN_UNGUARDED_AVAILABILITY = YES_AGGRESSIVE;
				CLANG_WARN_UNREACHABLE_CODE = YES;
				CLANG_WARN__DUPLICATE_METHOD_MATCH = YES;
				COPY_PHASE_STRIP = NO;
				DEBUG_INFORMATION_FORMAT = dwarf;
				ENABLE_STRICT_OBJC_MSGSEND = YES;
				ENABLE_TESTABILITY = YES;
				ENABLE_USER_SCRIPT_SANDBOXING = YES;
				GCC_C_LANGUAGE_STANDARD = gnu17;
				GCC_DYNAMIC_NO_PIC = NO;
				GCC_NO_COMMON_BLOCKS = YES;
				GCC_OPTIMIZATION_LEVEL = 0;
				GCC_PREPROCESSOR_DEFINITIONS = (
					"DEBUG=1",
					"$(inherited)",
				);
				GCC_WARN_64_TO_32_BIT_CONVERSION = YES;
				GCC_WARN_ABOUT_RETURN_TYPE = YES_ERROR;
				GCC_WARN_UNDECLARED_SELECTOR = YES;
				GCC_WARN_UNINITIALIZED_AUTOS = YES_AGGRESSIVE;
				GCC_WARN_UNUSED_FUNCTION = YES;
				GCC_WARN_UNUSED_VARIABLE = YES;
				IPHONEOS_DEPLOYMENT_TARGET = 17.5;
				LOCALIZATION_PREFERS_STRING_CATALOGS = YES;
				MTL_ENABLE_DEBUG_INFO = INCLUDE_SOURCE;
				MTL_FAST_MATH = YES;
				ONLY_ACTIVE_ARCH = YES;
				SDKROOT = iphoneos;
				SWIFT_ACTIVE_COMPILATION_CONDITIONS = "DEBUG $(inherited)";
				SWIFT_OPTIMIZATION_LEVEL = "-Onone";
			};
			name = Debug;
		};
		210DC5F02C25B6CF00B20544 /* Release */ = {
			isa = XCBuildConfiguration;
			buildSettings = {
				ALWAYS_SEARCH_USER_PATHS = NO;
				ASSETCATALOG_COMPILER_GENERATE_SWIFT_ASSET_SYMBOL_EXTENSIONS = YES;
				CLANG_ANALYZER_NONNULL = YES;
				CLANG_ANALYZER_NUMBER_OBJECT_CONVERSION = YES_AGGRESSIVE;
				CLANG_CXX_LANGUAGE_STANDARD = "gnu++20";
				CLANG_ENABLE_MODULES = YES;
				CLANG_ENABLE_OBJC_ARC = YES;
				CLANG_ENABLE_OBJC_WEAK = YES;
				CLANG_WARN_BLOCK_CAPTURE_AUTORELEASING = YES;
				CLANG_WARN_BOOL_CONVERSION = YES;
				CLANG_WARN_COMMA = YES;
				CLANG_WARN_CONSTANT_CONVERSION = YES;
				CLANG_WARN_DEPRECATED_OBJC_IMPLEMENTATIONS = YES;
				CLANG_WARN_DIRECT_OBJC_ISA_USAGE = YES_ERROR;
				CLANG_WARN_DOCUMENTATION_COMMENTS = YES;
				CLANG_WARN_EMPTY_BODY = YES;
				CLANG_WARN_ENUM_CONVERSION = YES;
				CLANG_WARN_INFINITE_RECURSION = YES;
				CLANG_WARN_INT_CONVERSION = YES;
				CLANG_WARN_NON_LITERAL_NULL_CONVERSION = YES;
				CLANG_WARN_OBJC_IMPLICIT_RETAIN_SELF = YES;
				CLANG_WARN_OBJC_LITERAL_CONVERSION = YES;
				CLANG_WARN_OBJC_ROOT_CLASS = YES_ERROR;
				CLANG_WARN_QUOTED_INCLUDE_IN_FRAMEWORK_HEADER = YES;
				CLANG_WARN_RANGE_LOOP_ANALYSIS = YES;
				CLANG_WARN_STRICT_PROTOTYPES = YES;
				CLANG_WARN_SUSPICIOUS_MOVE = YES;
				CLANG_WARN_UNGUARDED_AVAILABILITY = YES_AGGRESSIVE;
				CLANG_WARN_UNREACHABLE_CODE = YES;
				CLANG_WARN__DUPLICATE_METHOD_MATCH = YES;
				COPY_PHASE_STRIP = NO;
				DEBUG_INFORMATION_FORMAT = "dwarf-with-dsym";
				ENABLE_NS_ASSERTIONS = NO;
				ENABLE_STRICT_OBJC_MSGSEND = YES;
				ENABLE_USER_SCRIPT_SANDBOXING = YES;
				GCC_C_LANGUAGE_STANDARD = gnu17;
				GCC_NO_COMMON_BLOCKS = YES;
				GCC_WARN_64_TO_32_BIT_CONVERSION = YES;
				GCC_WARN_ABOUT_RETURN_TYPE = YES_ERROR;
				GCC_WARN_UNDECLARED_SELECTOR = YES;
				GCC_WARN_UNINITIALIZED_AUTOS = YES_AGGRESSIVE;
				GCC_WARN_UNUSED_FUNCTION = YES;
				GCC_WARN_UNUSED_VARIABLE = YES;
				IPHONEOS_DEPLOYMENT_TARGET = 17.5;
				LOCALIZATION_PREFERS_STRING_CATALOGS = YES;
				MTL_ENABLE_DEBUG_INFO = NO;
				MTL_FAST_MATH = YES;
				SDKROOT = iphoneos;
				SWIFT_COMPILATION_MODE = wholemodule;
				VALIDATE_PRODUCT = YES;
			};
			name = Release;
		};
		210DC5F22C25B6CF00B20544 /* Debug */ = {
			isa = XCBuildConfiguration;
			buildSettings = {
				ASSETCATALOG_COMPILER_APPICON_NAME = AppIcon;
				ASSETCATALOG_COMPILER_GLOBAL_ACCENT_COLOR_NAME = AccentColor;
				CODE_SIGN_STYLE = Automatic;
				CURRENT_PROJECT_VERSION = 1;
				DEVELOPMENT_ASSET_PATHS = "\"FollowUp/Preview Content\"";
				DEVELOPMENT_TEAM = A5YJ22GHFR;
				ENABLE_PREVIEWS = YES;
				GENERATE_INFOPLIST_FILE = YES;
				INFOPLIST_KEY_UIApplicationSceneManifest_Generation = YES;
				INFOPLIST_KEY_UIApplicationSupportsIndirectInputEvents = YES;
				INFOPLIST_KEY_UILaunchScreen_Generation = YES;
				INFOPLIST_KEY_UISupportedInterfaceOrientations_iPad = "UIInterfaceOrientationPortrait UIInterfaceOrientationPortraitUpsideDown UIInterfaceOrientationLandscapeLeft UIInterfaceOrientationLandscapeRight";
				INFOPLIST_KEY_UISupportedInterfaceOrientations_iPhone = "UIInterfaceOrientationPortrait UIInterfaceOrientationLandscapeLeft UIInterfaceOrientationLandscapeRight";
				LD_RUNPATH_SEARCH_PATHS = (
					"$(inherited)",
					"@executable_path/Frameworks",
				);
				MARKETING_VERSION = 1.0;
				PRODUCT_BUNDLE_IDENTIFIER = com.bazel.FollowUp;
				PRODUCT_NAME = "$(TARGET_NAME)";
				SWIFT_EMIT_LOC_STRINGS = YES;
				SWIFT_VERSION = 5.0;
				TARGETED_DEVICE_FAMILY = "1,2";
			};
			name = Debug;
		};
		210DC5F32C25B6CF00B20544 /* Release */ = {
			isa = XCBuildConfiguration;
			buildSettings = {
				ASSETCATALOG_COMPILER_APPICON_NAME = AppIcon;
				ASSETCATALOG_COMPILER_GLOBAL_ACCENT_COLOR_NAME = AccentColor;
				CODE_SIGN_STYLE = Automatic;
				CURRENT_PROJECT_VERSION = 1;
				DEVELOPMENT_ASSET_PATHS = "\"FollowUp/Preview Content\"";
				DEVELOPMENT_TEAM = A5YJ22GHFR;
				ENABLE_PREVIEWS = YES;
				GENERATE_INFOPLIST_FILE = YES;
				INFOPLIST_KEY_UIApplicationSceneManifest_Generation = YES;
				INFOPLIST_KEY_UIApplicationSupportsIndirectInputEvents = YES;
				INFOPLIST_KEY_UILaunchScreen_Generation = YES;
				INFOPLIST_KEY_UISupportedInterfaceOrientations_iPad = "UIInterfaceOrientationPortrait UIInterfaceOrientationPortraitUpsideDown UIInterfaceOrientationLandscapeLeft UIInterfaceOrientationLandscapeRight";
				INFOPLIST_KEY_UISupportedInterfaceOrientations_iPhone = "UIInterfaceOrientationPortrait UIInterfaceOrientationLandscapeLeft UIInterfaceOrientationLandscapeRight";
				LD_RUNPATH_SEARCH_PATHS = (
					"$(inherited)",
					"@executable_path/Frameworks",
				);
				MARKETING_VERSION = 1.0;
				PRODUCT_BUNDLE_IDENTIFIER = com.bazel.FollowUp;
				PRODUCT_NAME = "$(TARGET_NAME)";
				SWIFT_EMIT_LOC_STRINGS = YES;
				SWIFT_VERSION = 5.0;
				TARGETED_DEVICE_FAMILY = "1,2";
			};
			name = Release;
		};
		210DC5F52C25B6CF00B20544 /* Debug */ = {
			isa = XCBuildConfiguration;
			buildSettings = {
				ALWAYS_EMBED_SWIFT_STANDARD_LIBRARIES = YES;
				BUNDLE_LOADER = "$(TEST_HOST)";
				CODE_SIGN_STYLE = Automatic;
				CURRENT_PROJECT_VERSION = 1;
				DEVELOPMENT_TEAM = A5YJ22GHFR;
				GENERATE_INFOPLIST_FILE = YES;
				IPHONEOS_DEPLOYMENT_TARGET = 17.5;
				MARKETING_VERSION = 1.0;
				PRODUCT_BUNDLE_IDENTIFIER = com.bazel.FollowUpTests;
				PRODUCT_NAME = "$(TARGET_NAME)";
				SWIFT_EMIT_LOC_STRINGS = NO;
				SWIFT_VERSION = 5.0;
				TARGETED_DEVICE_FAMILY = "1,2";
				TEST_HOST = "$(BUILT_PRODUCTS_DIR)/FollowUp.app/$(BUNDLE_EXECUTABLE_FOLDER_PATH)/FollowUp";
			};
			name = Debug;
		};
		210DC5F62C25B6CF00B20544 /* Release */ = {
			isa = XCBuildConfiguration;
			buildSettings = {
				ALWAYS_EMBED_SWIFT_STANDARD_LIBRARIES = YES;
				BUNDLE_LOADER = "$(TEST_HOST)";
				CODE_SIGN_STYLE = Automatic;
				CURRENT_PROJECT_VERSION = 1;
				DEVELOPMENT_TEAM = A5YJ22GHFR;
				GENERATE_INFOPLIST_FILE = YES;
				IPHONEOS_DEPLOYMENT_TARGET = 17.5;
				MARKETING_VERSION = 1.0;
				PRODUCT_BUNDLE_IDENTIFIER = com.bazel.FollowUpTests;
				PRODUCT_NAME = "$(TARGET_NAME)";
				SWIFT_EMIT_LOC_STRINGS = NO;
				SWIFT_VERSION = 5.0;
				TARGETED_DEVICE_FAMILY = "1,2";
				TEST_HOST = "$(BUILT_PRODUCTS_DIR)/FollowUp.app/$(BUNDLE_EXECUTABLE_FOLDER_PATH)/FollowUp";
			};
			name = Release;
		};
		210DC5F82C25B6CF00B20544 /* Debug */ = {
			isa = XCBuildConfiguration;
			buildSettings = {
				ALWAYS_EMBED_SWIFT_STANDARD_LIBRARIES = YES;
				CODE_SIGN_STYLE = Automatic;
				CURRENT_PROJECT_VERSION = 1;
				DEVELOPMENT_TEAM = A5YJ22GHFR;
				GENERATE_INFOPLIST_FILE = YES;
				MARKETING_VERSION = 1.0;
				PRODUCT_BUNDLE_IDENTIFIER = com.bazel.FollowUpUITests;
				PRODUCT_NAME = "$(TARGET_NAME)";
				SWIFT_EMIT_LOC_STRINGS = NO;
				SWIFT_VERSION = 5.0;
				TARGETED_DEVICE_FAMILY = "1,2";
				TEST_TARGET_NAME = FollowUp;
			};
			name = Debug;
		};
		210DC5F92C25B6CF00B20544 /* Release */ = {
			isa = XCBuildConfiguration;
			buildSettings = {
				ALWAYS_EMBED_SWIFT_STANDARD_LIBRARIES = YES;
				CODE_SIGN_STYLE = Automatic;
				CURRENT_PROJECT_VERSION = 1;
				DEVELOPMENT_TEAM = A5YJ22GHFR;
				GENERATE_INFOPLIST_FILE = YES;
				MARKETING_VERSION = 1.0;
				PRODUCT_BUNDLE_IDENTIFIER = com.bazel.FollowUpUITests;
				PRODUCT_NAME = "$(TARGET_NAME)";
				SWIFT_EMIT_LOC_STRINGS = NO;
				SWIFT_VERSION = 5.0;
				TARGETED_DEVICE_FAMILY = "1,2";
				TEST_TARGET_NAME = FollowUp;
			};
			name = Release;
		};
/* End XCBuildConfiguration section */

/* Begin XCConfigurationList section */
		210DC5C82C25B6CE00B20544 /* Build configuration list for PBXProject "FollowUp" */ = {
			isa = XCConfigurationList;
			buildConfigurations = (
				210DC5EF2C25B6CF00B20544 /* Debug */,
				210DC5F02C25B6CF00B20544 /* Release */,
			);
			defaultConfigurationIsVisible = 0;
			defaultConfigurationName = Release;
		};
		210DC5F12C25B6CF00B20544 /* Build configuration list for PBXNativeTarget "FollowUp" */ = {
			isa = XCConfigurationList;
			buildConfigurations = (
				210DC5F22C25B6CF00B20544 /* Debug */,
				210DC5F32C25B6CF00B20544 /* Release */,
			);
			defaultConfigurationIsVisible = 0;
			defaultConfigurationName = Release;
		};
		210DC5F42C25B6CF00B20544 /* Build configuration list for PBXNativeTarget "FollowUpTests" */ = {
			isa = XCConfigurationList;
			buildConfigurations = (
				210DC5F52C25B6CF00B20544 /* Debug */,
				210DC5F62C25B6CF00B20544 /* Release */,
			);
			defaultConfigurationIsVisible = 0;
			defaultConfigurationName = Release;
		};
		210DC5F72C25B6CF00B20544 /* Build configuration list for PBXNativeTarget "FollowUpUITests" */ = {
			isa = XCConfigurationList;
			buildConfigurations = (
				210DC5F82C25B6CF00B20544 /* Debug */,
				210DC5F92C25B6CF00B20544 /* Release */,
			);
			defaultConfigurationIsVisible = 0;
			defaultConfigurationName = Release;
		};
/* End XCConfigurationList section */
	};
	rootObject = 210DC5C52C25B6CE00B20544 /* Project object */;
}
